
Microsoft Visual Studio Solution File, Format Version 12.00
# Visual Studio Version 16
VisualStudioVersion = 16.0.31729.503
MinimumVisualStudioVersion = 10.0.40219.1
Project("{FAE04EC0-301F-11D3-BF4B-00C04F79EFBC}") = "SolbegHotDesk.Web.Host", "SolbegHotDesk.Web.Host\SolbegHotDesk.Web.Host.csproj", "{424B6DA0-00B2-4D56-BE52-AF30CD8A172A}"
EndProject
Project("{FAE04EC0-301F-11D3-BF4B-00C04F79EFBC}") = "SolbegHotDesk.EntityFrameworkCore", "SolbegHotDesk.EntityFrameworkCore\SolbegHotDesk.EntityFrameworkCore.csproj", "{4311B904-AEDA-4A83-9CE2-2CE9E1F0CC9B}"
EndProject
Global
	GlobalSection(SolutionConfigurationPlatforms) = preSolution
		Debug|Any CPU = Debug|Any CPU
		Release|Any CPU = Release|Any CPU
	EndGlobalSection
	GlobalSection(ProjectConfigurationPlatforms) = postSolution
		{424B6DA0-00B2-4D56-BE52-AF30CD8A172A}.Debug|Any CPU.ActiveCfg = Debug|Any CPU
		{424B6DA0-00B2-4D56-BE52-AF30CD8A172A}.Debug|Any CPU.Build.0 = Debug|Any CPU
		{424B6DA0-00B2-4D56-BE52-AF30CD8A172A}.Release|Any CPU.ActiveCfg = Release|Any CPU
		{424B6DA0-00B2-4D56-BE52-AF30CD8A172A}.Release|Any CPU.Build.0 = Release|Any CPU
		{4311B904-AEDA-4A83-9CE2-2CE9E1F0CC9B}.Debug|Any CPU.ActiveCfg = Debug|Any CPU
		{4311B904-AEDA-4A83-9CE2-2CE9E1F0CC9B}.Debug|Any CPU.Build.0 = Debug|Any CPU
		{4311B904-AEDA-4A83-9CE2-2CE9E1F0CC9B}.Release|Any CPU.ActiveCfg = Release|Any CPU
		{4311B904-AEDA-4A83-9CE2-2CE9E1F0CC9B}.Release|Any CPU.Build.0 = Release|Any CPU
	EndGlobalSection
	GlobalSection(SolutionProperties) = preSolution
		HideSolutionNode = FALSE
	EndGlobalSection
	GlobalSection(ExtensibilityGlobals) = postSolution
		SolutionGuid = {2F2D912F-9A42-4EC9-882B-65B2D6B3C57C}
	EndGlobalSection
EndGlobal
